
Microsoft Visual Studio Solution File, Format Version 12.00
# Visual Studio Version 17
VisualStudioVersion = 17.14.36327.8 d17.14
MinimumVisualStudioVersion = 10.0.40219.1
Project("{FAE04EC0-301F-11D3-BF4B-00C04F79EFBC}") = "ProyectoDAE_Ciclo2", "ProyectoDAE_Ciclo2\ProyectoDAE_Ciclo2.csproj", "{28EEB563-4A52-43D4-B171-954A2E232FE2}"
EndProject
Global
	GlobalSection(SolutionConfigurationPlatforms) = preSolution
		Debug|Any CPU = Debug|Any CPU
		Release|Any CPU = Release|Any CPU
	EndGlobalSection
	GlobalSection(ProjectConfigurationPlatforms) = postSolution
		{28EEB563-4A52-43D4-B171-954A2E232FE2}.Debug|Any CPU.ActiveCfg = Debug|Any CPU
		{28EEB563-4A52-43D4-B171-954A2E232FE2}.Debug|Any CPU.Build.0 = Debug|Any CPU
		{28EEB563-4A52-43D4-B171-954A2E232FE2}.Release|Any CPU.ActiveCfg = Release|Any CPU
		{28EEB563-4A52-43D4-B171-954A2E232FE2}.Release|Any CPU.Build.0 = Release|Any CPU
	EndGlobalSection
	GlobalSection(SolutionProperties) = preSolution
		HideSolutionNode = FALSE
	EndGlobalSection
	GlobalSection(ExtensibilityGlobals) = postSolution
		SolutionGuid = {CB0449A4-5EDE-4646-9E84-A6A06C867BB5}
	EndGlobalSection
EndGlobal
